
Microsoft Visual Studio Solution File, Format Version 12.00
# Visual Studio Version 17
VisualStudioVersion = 17.3.32901.215
MinimumVisualStudioVersion = 10.0.40219.1
Project("{2150E333-8FDC-42A3-9474-1A3956D46DE8}") = "1. Core", "1. Core", "{6685A8B7-9331-4950-A189-8D4CAD5B00FB}"
EndProject
Project("{FAE04EC0-301F-11D3-BF4B-00C04F79EFBC}") = "Apex", "Core\Apex\Apex.csproj", "{67D54A68-A287-4797-9667-ACCBF9683119}"
EndProject
Project("{2150E333-8FDC-42A3-9474-1A3956D46DE8}") = "2. Gallery", "2. Gallery", "{667590DA-FA9C-4B18-9437-89049B7D987A}"
EndProject
Project("{2150E333-8FDC-42A3-9474-1A3956D46DE8}") = "0. Solution Items", "0. Solution Items", "{145D0D4D-D218-432D-B7DB-9E6094117FF5}"
	ProjectSection(SolutionItems) = preProject
		SharedAssemblyInfo.cs = SharedAssemblyInfo.cs
	EndProjectSection
EndProject
Project("{FAE04EC0-301F-11D3-BF4B-00C04F79EFBC}") = "Gallery.WPF", "Gallery\Gallery.WPF\Gallery.WPF.csproj", "{133FD819-92B8-41A5-BE92-0931D7B91EC2}"
EndProject
Global
	GlobalSection(SolutionConfigurationPlatforms) = preSolution
		Debug|Any CPU = Debug|Any CPU
		Debug|ARM = Debug|ARM
		Debug|Mixed Platforms = Debug|Mixed Platforms
		Debug|x64 = Debug|x64
		Debug|x86 = Debug|x86
		Release|Any CPU = Release|Any CPU
		Release|ARM = Release|ARM
		Release|Mixed Platforms = Release|Mixed Platforms
		Release|x64 = Release|x64
		Release|x86 = Release|x86
	EndGlobalSection
	GlobalSection(ProjectConfigurationPlatforms) = postSolution
		{67D54A68-A287-4797-9667-ACCBF9683119}.Debug|Any CPU.ActiveCfg = Debug|Any CPU
		{67D54A68-A287-4797-9667-ACCBF9683119}.Debug|Any CPU.Build.0 = Debug|Any CPU
		{67D54A68-A287-4797-9667-ACCBF9683119}.Debug|ARM.ActiveCfg = Debug|Any CPU
		{67D54A68-A287-4797-9667-ACCBF9683119}.Debug|Mixed Platforms.ActiveCfg = Debug|Any CPU
		{67D54A68-A287-4797-9667-ACCBF9683119}.Debug|Mixed Platforms.Build.0 = Debug|Any CPU
		{67D54A68-A287-4797-9667-ACCBF9683119}.Debug|x64.ActiveCfg = Debug|Any CPU
		{67D54A68-A287-4797-9667-ACCBF9683119}.Debug|x86.ActiveCfg = Debug|Any CPU
		{67D54A68-A287-4797-9667-ACCBF9683119}.Release|Any CPU.ActiveCfg = Release|Any CPU
		{67D54A68-A287-4797-9667-ACCBF9683119}.Release|Any CPU.Build.0 = Release|Any CPU
		{67D54A68-A287-4797-9667-ACCBF9683119}.Release|ARM.ActiveCfg = Release|Any CPU
		{67D54A68-A287-4797-9667-ACCBF9683119}.Release|Mixed Platforms.ActiveCfg = Release|Any CPU
		{67D54A68-A287-4797-9667-ACCBF9683119}.Release|Mixed Platforms.Build.0 = Release|Any CPU
		{67D54A68-A287-4797-9667-ACCBF9683119}.Release|x64.ActiveCfg = Release|Any CPU
		{67D54A68-A287-4797-9667-ACCBF9683119}.Release|x86.ActiveCfg = Release|Any CPU
		{133FD819-92B8-41A5-BE92-0931D7B91EC2}.Debug|Any CPU.ActiveCfg = Debug|x86
		{133FD819-92B8-41A5-BE92-0931D7B91EC2}.Debug|ARM.ActiveCfg = Debug|x86
		{133FD819-92B8-41A5-BE92-0931D7B91EC2}.Debug|Mixed Platforms.ActiveCfg = Debug|x86
		{133FD819-92B8-41A5-BE92-0931D7B91EC2}.Debug|Mixed Platforms.Build.0 = Debug|x86
		{133FD819-92B8-41A5-BE92-0931D7B91EC2}.Debug|x64.ActiveCfg = Debug|x86
		{133FD819-92B8-41A5-BE92-0931D7B91EC2}.Debug|x86.ActiveCfg = Debug|x86
		{133FD819-92B8-41A5-BE92-0931D7B91EC2}.Debug|x86.Build.0 = Debug|x86
		{133FD819-92B8-41A5-BE92-0931D7B91EC2}.Release|Any CPU.ActiveCfg = Release|x86
		{133FD819-92B8-41A5-BE92-0931D7B91EC2}.Release|ARM.ActiveCfg = Release|x86
		{133FD819-92B8-41A5-BE92-0931D7B91EC2}.Release|Mixed Platforms.ActiveCfg = Release|x86
		{133FD819-92B8-41A5-BE92-0931D7B91EC2}.Release|Mixed Platforms.Build.0 = Release|x86
		{133FD819-92B8-41A5-BE92-0931D7B91EC2}.Release|x64.ActiveCfg = Release|x86
		{133FD819-92B8-41A5-BE92-0931D7B91EC2}.Release|x86.ActiveCfg = Release|x86
		{133FD819-92B8-41A5-BE92-0931D7B91EC2}.Release|x86.Build.0 = Release|x86
	EndGlobalSection
	GlobalSection(SolutionProperties) = preSolution
		HideSolutionNode = FALSE
	EndGlobalSection
	GlobalSection(NestedProjects) = preSolution
		{67D54A68-A287-4797-9667-ACCBF9683119} = {6685A8B7-9331-4950-A189-8D4CAD5B00FB}
		{133FD819-92B8-41A5-BE92-0931D7B91EC2} = {667590DA-FA9C-4B18-9437-89049B7D987A}
	EndGlobalSection
	GlobalSection(ExtensibilityGlobals) = postSolution
		SolutionGuid = {252E2933-1F11-4953-9CDD-712323697724}
	EndGlobalSection
	GlobalSection(TestCaseManagementSettings) = postSolution
		CategoryFile = Apex.vsmdi
	EndGlobalSection
EndGlobal
